
Microsoft Visual Studio Solution File, Format Version 12.00
# Visual Studio 14
VisualStudioVersion = 14.0.25420.1
MinimumVisualStudioVersion = 10.0.40219.1
Project("{FAE04EC0-301F-11D3-BF4B-00C04F79EFBC}") = "LoadingDemo", "LoadingDemo\LoadingDemo\LoadingDemo.csproj", "{B61C9925-B6D2-49DA-9ED7-95E10B816B20}"
EndProject
Project("{FAE04EC0-301F-11D3-BF4B-00C04F79EFBC}") = "LoadingDemo.Droid", "LoadingDemo\LoadingDemo.Droid\LoadingDemo.Droid.csproj", "{31133D95-A058-4020-BEC6-058E1D13D1AC}"
EndProject
Project("{FAE04EC0-301F-11D3-BF4B-00C04F79EFBC}") = "LoadingDemo.iOS", "LoadingDemo\LoadingDemo.iOS\LoadingDemo.iOS.csproj", "{3B84985C-7F1D-44F0-8B3B-FF91D885EC4C}"
EndProject
Project("{FAE04EC0-301F-11D3-BF4B-00C04F79EFBC}") = "LoadingDemo.UWP", "LoadingDemo\LoadingDemo.UWP\LoadingDemo.UWP.csproj", "{30008FF4-7BC5-44B9-8968-2176ED1C89A7}"
EndProject
Project("{FAE04EC0-301F-11D3-BF4B-00C04F79EFBC}") = "LoadingDemo.Shared", "LoadingDemo\LoadingDemo.Shared\LoadingDemo.Shared.csproj", "{9DFDC58C-E978-4DBD-8AEC-BD989A18D99E}"
EndProject
Global
	GlobalSection(SolutionConfigurationPlatforms) = preSolution
		Ad-Hoc|Any CPU = Ad-Hoc|Any CPU
		Ad-Hoc|ARM = Ad-Hoc|ARM
		Ad-Hoc|iPhone = Ad-Hoc|iPhone
		Ad-Hoc|iPhoneSimulator = Ad-Hoc|iPhoneSimulator
		Ad-Hoc|x64 = Ad-Hoc|x64
		Ad-Hoc|x86 = Ad-Hoc|x86
		AppStore|Any CPU = AppStore|Any CPU
		AppStore|ARM = AppStore|ARM
		AppStore|iPhone = AppStore|iPhone
		AppStore|iPhoneSimulator = AppStore|iPhoneSimulator
		AppStore|x64 = AppStore|x64
		AppStore|x86 = AppStore|x86
		Debug|Any CPU = Debug|Any CPU
		Debug|ARM = Debug|ARM
		Debug|iPhone = Debug|iPhone
		Debug|iPhoneSimulator = Debug|iPhoneSimulator
		Debug|x64 = Debug|x64
		Debug|x86 = Debug|x86
		Release|Any CPU = Release|Any CPU
		Release|ARM = Release|ARM
		Release|iPhone = Release|iPhone
		Release|iPhoneSimulator = Release|iPhoneSimulator
		Release|x64 = Release|x64
		Release|x86 = Release|x86
	EndGlobalSection
	GlobalSection(ProjectConfigurationPlatforms) = postSolution
		{B61C9925-B6D2-49DA-9ED7-95E10B816B20}.Ad-Hoc|Any CPU.ActiveCfg = Release|Any CPU
		{B61C9925-B6D2-49DA-9ED7-95E10B816B20}.Ad-Hoc|Any CPU.Build.0 = Release|Any CPU
		{B61C9925-B6D2-49DA-9ED7-95E10B816B20}.Ad-Hoc|ARM.ActiveCfg = Release|Any CPU
		{B61C9925-B6D2-49DA-9ED7-95E10B816B20}.Ad-Hoc|ARM.Build.0 = Release|Any CPU
		{B61C9925-B6D2-49DA-9ED7-95E10B816B20}.Ad-Hoc|iPhone.ActiveCfg = Release|Any CPU
		{B61C9925-B6D2-49DA-9ED7-95E10B816B20}.Ad-Hoc|iPhone.Build.0 = Release|Any CPU
		{B61C9925-B6D2-49DA-9ED7-95E10B816B20}.Ad-Hoc|iPhoneSimulator.ActiveCfg = Release|Any CPU
		{B61C9925-B6D2-49DA-9ED7-95E10B816B20}.Ad-Hoc|iPhoneSimulator.Build.0 = Release|Any CPU
		{B61C9925-B6D2-49DA-9ED7-95E10B816B20}.Ad-Hoc|x64.ActiveCfg = Release|Any CPU
		{B61C9925-B6D2-49DA-9ED7-95E10B816B20}.Ad-Hoc|x64.Build.0 = Release|Any CPU
		{B61C9925-B6D2-49DA-9ED7-95E10B816B20}.Ad-Hoc|x86.ActiveCfg = Release|Any CPU
		{B61C9925-B6D2-49DA-9ED7-95E10B816B20}.Ad-Hoc|x86.Build.0 = Release|Any CPU
		{B61C9925-B6D2-49DA-9ED7-95E10B816B20}.AppStore|Any CPU.ActiveCfg = Release|Any CPU
		{B61C9925-B6D2-49DA-9ED7-95E10B816B20}.AppStore|Any CPU.Build.0 = Release|Any CPU
		{B61C9925-B6D2-49DA-9ED7-95E10B816B20}.AppStore|ARM.ActiveCfg = Release|Any CPU
		{B61C9925-B6D2-49DA-9ED7-95E10B816B20}.AppStore|ARM.Build.0 = Release|Any CPU
		{B61C9925-B6D2-49DA-9ED7-95E10B816B20}.AppStore|iPhone.ActiveCfg = Release|Any CPU
		{B61C9925-B6D2-49DA-9ED7-95E10B816B20}.AppStore|iPhone.Build.0 = Release|Any CPU
		{B61C9925-B6D2-49DA-9ED7-95E10B816B20}.AppStore|iPhoneSimulator.ActiveCfg = Release|Any CPU
		{B61C9925-B6D2-49DA-9ED7-95E10B816B20}.AppStore|iPhoneSimulator.Build.0 = Release|Any CPU
		{B61C9925-B6D2-49DA-9ED7-95E10B816B20}.AppStore|x64.ActiveCfg = Release|Any CPU
		{B61C9925-B6D2-49DA-9ED7-95E10B816B20}.AppStore|x64.Build.0 = Release|Any CPU
		{B61C9925-B6D2-49DA-9ED7-95E10B816B20}.AppStore|x86.ActiveCfg = Release|Any CPU
		{B61C9925-B6D2-49DA-9ED7-95E10B816B20}.AppStore|x86.Build.0 = Release|Any CPU
		{B61C9925-B6D2-49DA-9ED7-95E10B816B20}.Debug|Any CPU.ActiveCfg = Debug|Any CPU
		{B61C9925-B6D2-49DA-9ED7-95E10B816B20}.Debug|Any CPU.Build.0 = Debug|Any CPU
		{B61C9925-B6D2-49DA-9ED7-95E10B816B20}.Debug|ARM.ActiveCfg = Debug|Any CPU
		{B61C9925-B6D2-49DA-9ED7-95E10B816B20}.Debug|ARM.Build.0 = Debug|Any CPU
		{B61C9925-B6D2-49DA-9ED7-95E10B816B20}.Debug|iPhone.ActiveCfg = Debug|Any CPU
		{B61C9925-B6D2-49DA-9ED7-95E10B816B20}.Debug|iPhone.Build.0 = Debug|Any CPU
		{B61C9925-B6D2-49DA-9ED7-95E10B816B20}.Debug|iPhoneSimulator.ActiveCfg = Debug|Any CPU
		{B61C9925-B6D2-49DA-9ED7-95E10B816B20}.Debug|iPhoneSimulator.Build.0 = Debug|Any CPU
		{B61C9925-B6D2-49DA-9ED7-95E10B816B20}.Debug|x64.ActiveCfg = Debug|Any CPU
		{B61C9925-B6D2-49DA-9ED7-95E10B816B20}.Debug|x64.Build.0 = Debug|Any CPU
		{B61C9925-B6D2-49DA-9ED7-95E10B816B20}.Debug|x86.ActiveCfg = Debug|Any CPU
		{B61C9925-B6D2-49DA-9ED7-95E10B816B20}.Debug|x86.Build.0 = Debug|Any CPU
		{B61C9925-B6D2-49DA-9ED7-95E10B816B20}.Release|Any CPU.ActiveCfg = Release|Any CPU
		{B61C9925-B6D2-49DA-9ED7-95E10B816B20}.Release|Any CPU.Build.0 = Release|Any CPU
		{B61C9925-B6D2-49DA-9ED7-95E10B816B20}.Release|ARM.ActiveCfg = Release|Any CPU
		{B61C9925-B6D2-49DA-9ED7-95E10B816B20}.Release|ARM.Build.0 = Release|Any CPU
		{B61C9925-B6D2-49DA-9ED7-95E10B816B20}.Release|iPhone.ActiveCfg = Release|Any CPU
		{B61C9925-B6D2-49DA-9ED7-95E10B816B20}.Release|iPhone.Build.0 = Release|Any CPU
		{B61C9925-B6D2-49DA-9ED7-95E10B816B20}.Release|iPhoneSimulator.ActiveCfg = Release|Any CPU
		{B61C9925-B6D2-49DA-9ED7-95E10B816B20}.Release|iPhoneSimulator.Build.0 = Release|Any CPU
		{B61C9925-B6D2-49DA-9ED7-95E10B816B20}.Release|x64.ActiveCfg = Release|Any CPU
		{B61C9925-B6D2-49DA-9ED7-95E10B816B20}.Release|x64.Build.0 = Release|Any CPU
		{B61C9925-B6D2-49DA-9ED7-95E10B816B20}.Release|x86.ActiveCfg = Release|Any CPU
		{B61C9925-B6D2-49DA-9ED7-95E10B816B20}.Release|x86.Build.0 = Release|Any CPU
		{31133D95-A058-4020-BEC6-058E1D13D1AC}.Ad-Hoc|Any CPU.ActiveCfg = Release|Any CPU
		{31133D95-A058-4020-BEC6-058E1D13D1AC}.Ad-Hoc|Any CPU.Build.0 = Release|Any CPU
		{31133D95-A058-4020-BEC6-058E1D13D1AC}.Ad-Hoc|Any CPU.Deploy.0 = Release|Any CPU
		{31133D95-A058-4020-BEC6-058E1D13D1AC}.Ad-Hoc|ARM.ActiveCfg = Release|Any CPU
		{31133D95-A058-4020-BEC6-058E1D13D1AC}.Ad-Hoc|ARM.Build.0 = Release|Any CPU
		{31133D95-A058-4020-BEC6-058E1D13D1AC}.Ad-Hoc|ARM.Deploy.0 = Release|Any CPU
		{31133D95-A058-4020-BEC6-058E1D13D1AC}.Ad-Hoc|iPhone.ActiveCfg = Release|Any CPU
		{31133D95-A058-4020-BEC6-058E1D13D1AC}.Ad-Hoc|iPhone.Build.0 = Release|Any CPU
		{31133D95-A058-4020-BEC6-058E1D13D1AC}.Ad-Hoc|iPhone.Deploy.0 = Release|Any CPU
		{31133D95-A058-4020-BEC6-058E1D13D1AC}.Ad-Hoc|iPhoneSimulator.ActiveCfg = Release|Any CPU
		{31133D95-A058-4020-BEC6-058E1D13D1AC}.Ad-Hoc|iPhoneSimulator.Build.0 = Release|Any CPU
		{31133D95-A058-4020-BEC6-058E1D13D1AC}.Ad-Hoc|iPhoneSimulator.Deploy.0 = Release|Any CPU
		{31133D95-A058-4020-BEC6-058E1D13D1AC}.Ad-Hoc|x64.ActiveCfg = Release|Any CPU
		{31133D95-A058-4020-BEC6-058E1D13D1AC}.Ad-Hoc|x64.Build.0 = Release|Any CPU
		{31133D95-A058-4020-BEC6-058E1D13D1AC}.Ad-Hoc|x64.Deploy.0 = Release|Any CPU
		{31133D95-A058-4020-BEC6-058E1D13D1AC}.Ad-Hoc|x86.ActiveCfg = Release|Any CPU
		{31133D95-A058-4020-BEC6-058E1D13D1AC}.Ad-Hoc|x86.Build.0 = Release|Any CPU
		{31133D95-A058-4020-BEC6-058E1D13D1AC}.Ad-Hoc|x86.Deploy.0 = Release|Any CPU
		{31133D95-A058-4020-BEC6-058E1D13D1AC}.AppStore|Any CPU.ActiveCfg = Release|Any CPU
		{31133D95-A058-4020-BEC6-058E1D13D1AC}.AppStore|Any CPU.Build.0 = Release|Any CPU
		{31133D95-A058-4020-BEC6-058E1D13D1AC}.AppStore|Any CPU.Deploy.0 = Release|Any CPU
		{31133D95-A058-4020-BEC6-058E1D13D1AC}.AppStore|ARM.ActiveCfg = Release|Any CPU
		{31133D95-A058-4020-BEC6-058E1D13D1AC}.AppStore|ARM.Build.0 = Release|Any CPU
		{31133D95-A058-4020-BEC6-058E1D13D1AC}.AppStore|ARM.Deploy.0 = Release|Any CPU
		{31133D95-A058-4020-BEC6-058E1D13D1AC}.AppStore|iPhone.ActiveCfg = Release|Any CPU
		{31133D95-A058-4020-BEC6-058E1D13D1AC}.AppStore|iPhone.Build.0 = Release|Any CPU
		{31133D95-A058-4020-BEC6-058E1D13D1AC}.AppStore|iPhone.Deploy.0 = Release|Any CPU
		{31133D95-A058-4020-BEC6-058E1D13D1AC}.AppStore|iPhoneSimulator.ActiveCfg = Release|Any CPU
		{31133D95-A058-4020-BEC6-058E1D13D1AC}.AppStore|iPhoneSimulator.Build.0 = Release|Any CPU
		{31133D95-A058-4020-BEC6-058E1D13D1AC}.AppStore|iPhoneSimulator.Deploy.0 = Release|Any CPU
		{31133D95-A058-4020-BEC6-058E1D13D1AC}.AppStore|x64.ActiveCfg = Release|Any CPU
		{31133D95-A058-4020-BEC6-058E1D13D1AC}.AppStore|x64.Build.0 = Release|Any CPU
		{31133D95-A058-4020-BEC6-058E1D13D1AC}.AppStore|x64.Deploy.0 = Release|Any CPU
		{31133D95-A058-4020-BEC6-058E1D13D1AC}.AppStore|x86.ActiveCfg = Release|Any CPU
		{31133D95-A058-4020-BEC6-058E1D13D1AC}.AppStore|x86.Build.0 = Release|Any CPU
		{31133D95-A058-4020-BEC6-058E1D13D1AC}.AppStore|x86.Deploy.0 = Release|Any CPU
		{31133D95-A058-4020-BEC6-058E1D13D1AC}.Debug|Any CPU.ActiveCfg = Debug|Any CPU
		{31133D95-A058-4020-BEC6-058E1D13D1AC}.Debug|Any CPU.Build.0 = Debug|Any CPU
		{31133D95-A058-4020-BEC6-058E1D13D1AC}.Debug|Any CPU.Deploy.0 = Debug|Any CPU
		{31133D95-A058-4020-BEC6-058E1D13D1AC}.Debug|ARM.ActiveCfg = Debug|Any CPU
		{31133D95-A058-4020-BEC6-058E1D13D1AC}.Debug|ARM.Build.0 = Debug|Any CPU
		{31133D95-A058-4020-BEC6-058E1D13D1AC}.Debug|ARM.Deploy.0 = Debug|Any CPU
		{31133D95-A058-4020-BEC6-058E1D13D1AC}.Debug|iPhone.ActiveCfg = Debug|Any CPU
		{31133D95-A058-4020-BEC6-058E1D13D1AC}.Debug|iPhone.Build.0 = Debug|Any CPU
		{31133D95-A058-4020-BEC6-058E1D13D1AC}.Debug|iPhone.Deploy.0 = Debug|Any CPU
		{31133D95-A058-4020-BEC6-058E1D13D1AC}.Debug|iPhoneSimulator.ActiveCfg = Debug|Any CPU
		{31133D95-A058-4020-BEC6-058E1D13D1AC}.Debug|iPhoneSimulator.Build.0 = Debug|Any CPU
		{31133D95-A058-4020-BEC6-058E1D13D1AC}.Debug|iPhoneSimulator.Deploy.0 = Debug|Any CPU
		{31133D95-A058-4020-BEC6-058E1D13D1AC}.Debug|x64.ActiveCfg = Debug|Any CPU
		{31133D95-A058-4020-BEC6-058E1D13D1AC}.Debug|x64.Build.0 = Debug|Any CPU
		{31133D95-A058-4020-BEC6-058E1D13D1AC}.Debug|x64.Deploy.0 = Debug|Any CPU
		{31133D95-A058-4020-BEC6-058E1D13D1AC}.Debug|x86.ActiveCfg = Debug|Any CPU
		{31133D95-A058-4020-BEC6-058E1D13D1AC}.Debug|x86.Build.0 = Debug|Any CPU
		{31133D95-A058-4020-BEC6-058E1D13D1AC}.Debug|x86.Deploy.0 = Debug|Any CPU
		{31133D95-A058-4020-BEC6-058E1D13D1AC}.Release|Any CPU.ActiveCfg = Release|Any CPU
		{31133D95-A058-4020-BEC6-058E1D13D1AC}.Release|Any CPU.Build.0 = Release|Any CPU
		{31133D95-A058-4020-BEC6-058E1D13D1AC}.Release|Any CPU.Deploy.0 = Release|Any CPU
		{31133D95-A058-4020-BEC6-058E1D13D1AC}.Release|ARM.ActiveCfg = Release|Any CPU
		{31133D95-A058-4020-BEC6-058E1D13D1AC}.Release|ARM.Build.0 = Release|Any CPU
		{31133D95-A058-4020-BEC6-058E1D13D1AC}.Release|ARM.Deploy.0 = Release|Any CPU
		{31133D95-A058-4020-BEC6-058E1D13D1AC}.Release|iPhone.ActiveCfg = Release|Any CPU
		{31133D95-A058-4020-BEC6-058E1D13D1AC}.Release|iPhone.Build.0 = Release|Any CPU
		{31133D95-A058-4020-BEC6-058E1D13D1AC}.Release|iPhone.Deploy.0 = Release|Any CPU
		{31133D95-A058-4020-BEC6-058E1D13D1AC}.Release|iPhoneSimulator.ActiveCfg = Release|Any CPU
		{31133D95-A058-4020-BEC6-058E1D13D1AC}.Release|iPhoneSimulator.Build.0 = Release|Any CPU
		{31133D95-A058-4020-BEC6-058E1D13D1AC}.Release|iPhoneSimulator.Deploy.0 = Release|Any CPU
		{31133D95-A058-4020-BEC6-058E1D13D1AC}.Release|x64.ActiveCfg = Release|Any CPU
		{31133D95-A058-4020-BEC6-058E1D13D1AC}.Release|x64.Build.0 = Release|Any CPU
		{31133D95-A058-4020-BEC6-058E1D13D1AC}.Release|x64.Deploy.0 = Release|Any CPU
		{31133D95-A058-4020-BEC6-058E1D13D1AC}.Release|x86.ActiveCfg = Release|Any CPU
		{31133D95-A058-4020-BEC6-058E1D13D1AC}.Release|x86.Build.0 = Release|Any CPU
		{31133D95-A058-4020-BEC6-058E1D13D1AC}.Release|x86.Deploy.0 = Release|Any CPU
		{3B84985C-7F1D-44F0-8B3B-FF91D885EC4C}.Ad-Hoc|Any CPU.ActiveCfg = Ad-Hoc|iPhone
		{3B84985C-7F1D-44F0-8B3B-FF91D885EC4C}.Ad-Hoc|ARM.ActiveCfg = Ad-Hoc|iPhone
		{3B84985C-7F1D-44F0-8B3B-FF91D885EC4C}.Ad-Hoc|iPhone.ActiveCfg = Ad-Hoc|iPhone
		{3B84985C-7F1D-44F0-8B3B-FF91D885EC4C}.Ad-Hoc|iPhone.Build.0 = Ad-Hoc|iPhone
		{3B84985C-7F1D-44F0-8B3B-FF91D885EC4C}.Ad-Hoc|iPhoneSimulator.ActiveCfg = Ad-Hoc|iPhoneSimulator
		{3B84985C-7F1D-44F0-8B3B-FF91D885EC4C}.Ad-Hoc|iPhoneSimulator.Build.0 = Ad-Hoc|iPhoneSimulator
		{3B84985C-7F1D-44F0-8B3B-FF91D885EC4C}.Ad-Hoc|x64.ActiveCfg = Ad-Hoc|iPhone
		{3B84985C-7F1D-44F0-8B3B-FF91D885EC4C}.Ad-Hoc|x86.ActiveCfg = Ad-Hoc|iPhone
		{3B84985C-7F1D-44F0-8B3B-FF91D885EC4C}.AppStore|Any CPU.ActiveCfg = AppStore|iPhone
		{3B84985C-7F1D-44F0-8B3B-FF91D885EC4C}.AppStore|ARM.ActiveCfg = AppStore|iPhone
		{3B84985C-7F1D-44F0-8B3B-FF91D885EC4C}.AppStore|iPhone.ActiveCfg = AppStore|iPhone
		{3B84985C-7F1D-44F0-8B3B-FF91D885EC4C}.AppStore|iPhone.Build.0 = AppStore|iPhone
		{3B84985C-7F1D-44F0-8B3B-FF91D885EC4C}.AppStore|iPhoneSimulator.ActiveCfg = AppStore|iPhoneSimulator
		{3B84985C-7F1D-44F0-8B3B-FF91D885EC4C}.AppStore|iPhoneSimulator.Build.0 = AppStore|iPhoneSimulator
		{3B84985C-7F1D-44F0-8B3B-FF91D885EC4C}.AppStore|x64.ActiveCfg = AppStore|iPhone
		{3B84985C-7F1D-44F0-8B3B-FF91D885EC4C}.AppStore|x86.ActiveCfg = AppStore|iPhone
		{3B84985C-7F1D-44F0-8B3B-FF91D885EC4C}.Debug|Any CPU.ActiveCfg = Debug|iPhone
		{3B84985C-7F1D-44F0-8B3B-FF91D885EC4C}.Debug|ARM.ActiveCfg = Debug|iPhone
		{3B84985C-7F1D-44F0-8B3B-FF91D885EC4C}.Debug|iPhone.ActiveCfg = Debug|iPhone
		{3B84985C-7F1D-44F0-8B3B-FF91D885EC4C}.Debug|iPhone.Build.0 = Debug|iPhone
		{3B84985C-7F1D-44F0-8B3B-FF91D885EC4C}.Debug|iPhoneSimulator.ActiveCfg = Debug|iPhoneSimulator
		{3B84985C-7F1D-44F0-8B3B-FF91D885EC4C}.Debug|iPhoneSimulator.Build.0 = Debug|iPhoneSimulator
		{3B84985C-7F1D-44F0-8B3B-FF91D885EC4C}.Debug|x64.ActiveCfg = Debug|iPhone
		{3B84985C-7F1D-44F0-8B3B-FF91D885EC4C}.Debug|x86.ActiveCfg = Debug|iPhone
		{3B84985C-7F1D-44F0-8B3B-FF91D885EC4C}.Release|Any CPU.ActiveCfg = Release|iPhone
		{3B84985C-7F1D-44F0-8B3B-FF91D885EC4C}.Release|ARM.ActiveCfg = Release|iPhone
		{3B84985C-7F1D-44F0-8B3B-FF91D885EC4C}.Release|iPhone.ActiveCfg = Release|iPhone
		{3B84985C-7F1D-44F0-8B3B-FF91D885EC4C}.Release|iPhone.Build.0 = Release|iPhone
		{3B84985C-7F1D-44F0-8B3B-FF91D885EC4C}.Release|iPhoneSimulator.ActiveCfg = Release|iPhoneSimulator
		{3B84985C-7F1D-44F0-8B3B-FF91D885EC4C}.Release|iPhoneSimulator.Build.0 = Release|iPhoneSimulator
		{3B84985C-7F1D-44F0-8B3B-FF91D885EC4C}.Release|x64.ActiveCfg = Release|iPhone
		{3B84985C-7F1D-44F0-8B3B-FF91D885EC4C}.Release|x86.ActiveCfg = Release|iPhone
		{30008FF4-7BC5-44B9-8968-2176ED1C89A7}.Ad-Hoc|Any CPU.ActiveCfg = Release|x86
		{30008FF4-7BC5-44B9-8968-2176ED1C89A7}.Ad-Hoc|Any CPU.Build.0 = Release|x86
		{30008FF4-7BC5-44B9-8968-2176ED1C89A7}.Ad-Hoc|Any CPU.Deploy.0 = Release|x86
		{30008FF4-7BC5-44B9-8968-2176ED1C89A7}.Ad-Hoc|ARM.ActiveCfg = Release|ARM
		{30008FF4-7BC5-44B9-8968-2176ED1C89A7}.Ad-Hoc|ARM.Build.0 = Release|ARM
		{30008FF4-7BC5-44B9-8968-2176ED1C89A7}.Ad-Hoc|ARM.Deploy.0 = Release|ARM
		{30008FF4-7BC5-44B9-8968-2176ED1C89A7}.Ad-Hoc|iPhone.ActiveCfg = Release|x86
		{30008FF4-7BC5-44B9-8968-2176ED1C89A7}.Ad-Hoc|iPhone.Build.0 = Release|x86
		{30008FF4-7BC5-44B9-8968-2176ED1C89A7}.Ad-Hoc|iPhone.Deploy.0 = Release|x86
		{30008FF4-7BC5-44B9-8968-2176ED1C89A7}.Ad-Hoc|iPhoneSimulator.ActiveCfg = Release|x86
		{30008FF4-7BC5-44B9-8968-2176ED1C89A7}.Ad-Hoc|iPhoneSimulator.Build.0 = Release|x86
		{30008FF4-7BC5-44B9-8968-2176ED1C89A7}.Ad-Hoc|iPhoneSimulator.Deploy.0 = Release|x86
		{30008FF4-7BC5-44B9-8968-2176ED1C89A7}.Ad-Hoc|x64.ActiveCfg = Release|x64
		{30008FF4-7BC5-44B9-8968-2176ED1C89A7}.Ad-Hoc|x64.Build.0 = Release|x64
		{30008FF4-7BC5-44B9-8968-2176ED1C89A7}.Ad-Hoc|x64.Deploy.0 = Release|x64
		{30008FF4-7BC5-44B9-8968-2176ED1C89A7}.Ad-Hoc|x86.ActiveCfg = Release|x86
		{30008FF4-7BC5-44B9-8968-2176ED1C89A7}.Ad-Hoc|x86.Build.0 = Release|x86
		{30008FF4-7BC5-44B9-8968-2176ED1C89A7}.Ad-Hoc|x86.Deploy.0 = Release|x86
		{30008FF4-7BC5-44B9-8968-2176ED1C89A7}.AppStore|Any CPU.ActiveCfg = Release|x86
		{30008FF4-7BC5-44B9-8968-2176ED1C89A7}.AppStore|Any CPU.Build.0 = Release|x86
		{30008FF4-7BC5-44B9-8968-2176ED1C89A7}.AppStore|Any CPU.Deploy.0 = Release|x86
		{30008FF4-7BC5-44B9-8968-2176ED1C89A7}.AppStore|ARM.ActiveCfg = Release|ARM
		{30008FF4-7BC5-44B9-8968-2176ED1C89A7}.AppStore|ARM.Build.0 = Release|ARM
		{30008FF4-7BC5-44B9-8968-2176ED1C89A7}.AppStore|ARM.Deploy.0 = Release|ARM
		{30008FF4-7BC5-44B9-8968-2176ED1C89A7}.AppStore|iPhone.ActiveCfg = Release|x86
		{30008FF4-7BC5-44B9-8968-2176ED1C89A7}.AppStore|iPhone.Build.0 = Release|x86
		{30008FF4-7BC5-44B9-8968-2176ED1C89A7}.AppStore|iPhone.Deploy.0 = Release|x86
		{30008FF4-7BC5-44B9-8968-2176ED1C89A7}.AppStore|iPhoneSimulator.ActiveCfg = Release|x86
		{30008FF4-7BC5-44B9-8968-2176ED1C89A7}.AppStore|iPhoneSimulator.Build.0 = Release|x86
		{30008FF4-7BC5-44B9-8968-2176ED1C89A7}.AppStore|iPhoneSimulator.Deploy.0 = Release|x86
		{30008FF4-7BC5-44B9-8968-2176ED1C89A7}.AppStore|x64.ActiveCfg = Release|x64
		{30008FF4-7BC5-44B9-8968-2176ED1C89A7}.AppStore|x64.Build.0 = Release|x64
		{30008FF4-7BC5-44B9-8968-2176ED1C89A7}.AppStore|x64.Deploy.0 = Release|x64
		{30008FF4-7BC5-44B9-8968-2176ED1C89A7}.AppStore|x86.ActiveCfg = Release|x86
		{30008FF4-7BC5-44B9-8968-2176ED1C89A7}.AppStore|x86.Build.0 = Release|x86
		{30008FF4-7BC5-44B9-8968-2176ED1C89A7}.AppStore|x86.Deploy.0 = Release|x86
		{30008FF4-7BC5-44B9-8968-2176ED1C89A7}.Debug|Any CPU.ActiveCfg = Debug|x86
		{30008FF4-7BC5-44B9-8968-2176ED1C89A7}.Debug|ARM.ActiveCfg = Debug|ARM
		{30008FF4-7BC5-44B9-8968-2176ED1C89A7}.Debug|ARM.Build.0 = Debug|ARM
		{30008FF4-7BC5-44B9-8968-2176ED1C89A7}.Debug|ARM.Deploy.0 = Debug|ARM
		{30008FF4-7BC5-44B9-8968-2176ED1C89A7}.Debug|iPhone.ActiveCfg = Debug|x86
		{30008FF4-7BC5-44B9-8968-2176ED1C89A7}.Debug|iPhone.Build.0 = Debug|x86
		{30008FF4-7BC5-44B9-8968-2176ED1C89A7}.Debug|iPhone.Deploy.0 = Debug|x86
		{30008FF4-7BC5-44B9-8968-2176ED1C89A7}.Debug|iPhoneSimulator.ActiveCfg = Debug|x86
		{30008FF4-7BC5-44B9-8968-2176ED1C89A7}.Debug|x64.ActiveCfg = Debug|x64
		{30008FF4-7BC5-44B9-8968-2176ED1C89A7}.Debug|x64.Build.0 = Debug|x64
		{30008FF4-7BC5-44B9-8968-2176ED1C89A7}.Debug|x64.Deploy.0 = Debug|x64
		{30008FF4-7BC5-44B9-8968-2176ED1C89A7}.Debug|x86.ActiveCfg = Debug|x86
		{30008FF4-7BC5-44B9-8968-2176ED1C89A7}.Debug|x86.Build.0 = Debug|x86
		{30008FF4-7BC5-44B9-8968-2176ED1C89A7}.Debug|x86.Deploy.0 = Debug|x86
		{30008FF4-7BC5-44B9-8968-2176ED1C89A7}.Release|Any CPU.ActiveCfg = Release|x86
		{30008FF4-7BC5-44B9-8968-2176ED1C89A7}.Release|ARM.ActiveCfg = Release|ARM
		{30008FF4-7BC5-44B9-8968-2176ED1C89A7}.Release|ARM.Build.0 = Release|ARM
		{30008FF4-7BC5-44B9-8968-2176ED1C89A7}.Release|ARM.Deploy.0 = Release|ARM
		{30008FF4-7BC5-44B9-8968-2176ED1C89A7}.Release|iPhone.ActiveCfg = Release|x86
		{30008FF4-7BC5-44B9-8968-2176ED1C89A7}.Release|iPhoneSimulator.ActiveCfg = Release|x86
		{30008FF4-7BC5-44B9-8968-2176ED1C89A7}.Release|x64.ActiveCfg = Release|x64
		{30008FF4-7BC5-44B9-8968-2176ED1C89A7}.Release|x64.Build.0 = Release|x64
		{30008FF4-7BC5-44B9-8968-2176ED1C89A7}.Release|x64.Deploy.0 = Release|x64
		{30008FF4-7BC5-44B9-8968-2176ED1C89A7}.Release|x86.ActiveCfg = Release|x86
		{30008FF4-7BC5-44B9-8968-2176ED1C89A7}.Release|x86.Build.0 = Release|x86
		{30008FF4-7BC5-44B9-8968-2176ED1C89A7}.Release|x86.Deploy.0 = Release|x86
		{9DFDC58C-E978-4DBD-8AEC-BD989A18D99E}.Ad-Hoc|Any CPU.ActiveCfg = Release|Any CPU
		{9DFDC58C-E978-4DBD-8AEC-BD989A18D99E}.Ad-Hoc|Any CPU.Build.0 = Release|Any CPU
		{9DFDC58C-E978-4DBD-8AEC-BD989A18D99E}.Ad-Hoc|ARM.ActiveCfg = Release|Any CPU
		{9DFDC58C-E978-4DBD-8AEC-BD989A18D99E}.Ad-Hoc|ARM.Build.0 = Release|Any CPU
		{9DFDC58C-E978-4DBD-8AEC-BD989A18D99E}.Ad-Hoc|iPhone.ActiveCfg = Release|Any CPU
		{9DFDC58C-E978-4DBD-8AEC-BD989A18D99E}.Ad-Hoc|iPhone.Build.0 = Release|Any CPU
		{9DFDC58C-E978-4DBD-8AEC-BD989A18D99E}.Ad-Hoc|iPhoneSimulator.ActiveCfg = Release|Any CPU
		{9DFDC58C-E978-4DBD-8AEC-BD989A18D99E}.Ad-Hoc|iPhoneSimulator.Build.0 = Release|Any CPU
		{9DFDC58C-E978-4DBD-8AEC-BD989A18D99E}.Ad-Hoc|x64.ActiveCfg = Release|Any CPU
		{9DFDC58C-E978-4DBD-8AEC-BD989A18D99E}.Ad-Hoc|x64.Build.0 = Release|Any CPU
		{9DFDC58C-E978-4DBD-8AEC-BD989A18D99E}.Ad-Hoc|x86.ActiveCfg = Release|Any CPU
		{9DFDC58C-E978-4DBD-8AEC-BD989A18D99E}.Ad-Hoc|x86.Build.0 = Release|Any CPU
		{9DFDC58C-E978-4DBD-8AEC-BD989A18D99E}.AppStore|Any CPU.ActiveCfg = Release|Any CPU
		{9DFDC58C-E978-4DBD-8AEC-BD989A18D99E}.AppStore|Any CPU.Build.0 = Release|Any CPU
		{9DFDC58C-E978-4DBD-8AEC-BD989A18D99E}.AppStore|ARM.ActiveCfg = Release|Any CPU
		{9DFDC58C-E978-4DBD-8AEC-BD989A18D99E}.AppStore|ARM.Build.0 = Release|Any CPU
		{9DFDC58C-E978-4DBD-8AEC-BD989A18D99E}.AppStore|iPhone.ActiveCfg = Release|Any CPU
		{9DFDC58C-E978-4DBD-8AEC-BD989A18D99E}.AppStore|iPhone.Build.0 = Release|Any CPU
		{9DFDC58C-E978-4DBD-8AEC-BD989A18D99E}.AppStore|iPhoneSimulator.ActiveCfg = Release|Any CPU
		{9DFDC58C-E978-4DBD-8AEC-BD989A18D99E}.AppStore|iPhoneSimulator.Build.0 = Release|Any CPU
		{9DFDC58C-E978-4DBD-8AEC-BD989A18D99E}.AppStore|x64.ActiveCfg = Release|Any CPU
		{9DFDC58C-E978-4DBD-8AEC-BD989A18D99E}.AppStore|x64.Build.0 = Release|Any CPU
		{9DFDC58C-E978-4DBD-8AEC-BD989A18D99E}.AppStore|x86.ActiveCfg = Release|Any CPU
		{9DFDC58C-E978-4DBD-8AEC-BD989A18D99E}.AppStore|x86.Build.0 = Release|Any CPU
		{9DFDC58C-E978-4DBD-8AEC-BD989A18D99E}.Debug|Any CPU.ActiveCfg = Debug|Any CPU
		{9DFDC58C-E978-4DBD-8AEC-BD989A18D99E}.Debug|Any CPU.Build.0 = Debug|Any CPU
		{9DFDC58C-E978-4DBD-8AEC-BD989A18D99E}.Debug|ARM.ActiveCfg = Debug|Any CPU
		{9DFDC58C-E978-4DBD-8AEC-BD989A18D99E}.Debug|ARM.Build.0 = Debug|Any CPU
		{9DFDC58C-E978-4DBD-8AEC-BD989A18D99E}.Debug|iPhone.ActiveCfg = Debug|Any CPU
		{9DFDC58C-E978-4DBD-8AEC-BD989A18D99E}.Debug|iPhone.Build.0 = Debug|Any CPU
		{9DFDC58C-E978-4DBD-8AEC-BD989A18D99E}.Debug|iPhoneSimulator.ActiveCfg = Debug|Any CPU
		{9DFDC58C-E978-4DBD-8AEC-BD989A18D99E}.Debug|iPhoneSimulator.Build.0 = Debug|Any CPU
		{9DFDC58C-E978-4DBD-8AEC-BD989A18D99E}.Debug|x64.ActiveCfg = Debug|Any CPU
		{9DFDC58C-E978-4DBD-8AEC-BD989A18D99E}.Debug|x64.Build.0 = Debug|Any CPU
		{9DFDC58C-E978-4DBD-8AEC-BD989A18D99E}.Debug|x86.ActiveCfg = Debug|Any CPU
		{9DFDC58C-E978-4DBD-8AEC-BD989A18D99E}.Debug|x86.Build.0 = Debug|Any CPU
		{9DFDC58C-E978-4DBD-8AEC-BD989A18D99E}.Release|Any CPU.ActiveCfg = Release|Any CPU
		{9DFDC58C-E978-4DBD-8AEC-BD989A18D99E}.Release|Any CPU.Build.0 = Release|Any CPU
		{9DFDC58C-E978-4DBD-8AEC-BD989A18D99E}.Release|ARM.ActiveCfg = Release|Any CPU
		{9DFDC58C-E978-4DBD-8AEC-BD989A18D99E}.Release|ARM.Build.0 = Release|Any CPU
		{9DFDC58C-E978-4DBD-8AEC-BD989A18D99E}.Release|iPhone.ActiveCfg = Release|Any CPU
		{9DFDC58C-E978-4DBD-8AEC-BD989A18D99E}.Release|iPhone.Build.0 = Release|Any CPU
		{9DFDC58C-E978-4DBD-8AEC-BD989A18D99E}.Release|iPhoneSimulator.ActiveCfg = Release|Any CPU
		{9DFDC58C-E978-4DBD-8AEC-BD989A18D99E}.Release|iPhoneSimulator.Build.0 = Release|Any CPU
		{9DFDC58C-E978-4DBD-8AEC-BD989A18D99E}.Release|x64.ActiveCfg = Release|Any CPU
		{9DFDC58C-E978-4DBD-8AEC-BD989A18D99E}.Release|x64.Build.0 = Release|Any CPU
		{9DFDC58C-E978-4DBD-8AEC-BD989A18D99E}.Release|x86.ActiveCfg = Release|Any CPU
		{9DFDC58C-E978-4DBD-8AEC-BD989A18D99E}.Release|x86.Build.0 = Release|Any CPU
	EndGlobalSection
	GlobalSection(SolutionProperties) = preSolution
		HideSolutionNode = FALSE
	EndGlobalSection
EndGlobal
